
Microsoft Visual Studio Solution File, Format Version 12.00
# Visual Studio Version 17
VisualStudioVersion = 17.12.35527.113
MinimumVisualStudioVersion = 10.0.40219.1
Project("{2150E333-8FDC-42A3-9474-1A3956D46DE8}") = "src", "src", "{45662C8F-8DD4-4EE8-A872-02D206CCBAAE}"
EndProject
Project("{FAE04EC0-301F-11D3-BF4B-00C04F79EFBC}") = "OriginalExample", "template-web-api\src\OriginalExample\OriginalExample.csproj", "{BB17A1AA-9791-4080-BB92-9AD913BA20F7}"
EndProject
Project("{2150E333-8FDC-42A3-9474-1A3956D46DE8}") = "TemplateClean", "TemplateClean", "{FFB63ACE-021E-41C2-BA0F-F5C1C8D2AE7F}"
EndProject
Project("{FAE04EC0-301F-11D3-BF4B-00C04F79EFBC}") = "template-web-api-M", "template-web-api\src\TemplateM\template-web-api-M\Controller\template-web-api-M.csproj", "{3871C8CB-D348-45CA-A7B1-B1537171BCF5}"
EndProject
Project("{FAE04EC0-301F-11D3-BF4B-00C04F79EFBC}") = "template-web-api-M.Application", "template-web-api\src\TemplateM\template-web-api-M\template-web-api-M.Application\template-web-api-M.Application.csproj", "{6A75441A-A07A-4255-8E13-AE26DA625274}"
EndProject
Project("{FAE04EC0-301F-11D3-BF4B-00C04F79EFBC}") = "template-web-api-M.Bussiness", "template-web-api\src\TemplateM\template-web-api-M\template-web-api-M.Bussiness\template-web-api-M.Bussiness\template-web-api-M.Bussiness.csproj", "{527CD77D-B448-4168-8B41-9C1BE062339D}"
EndProject
Project("{FAE04EC0-301F-11D3-BF4B-00C04F79EFBC}") = "template-web-api-M.Common", "template-web-api\src\TemplateM\template-web-api-M\template-web-api-M.Common\template-web-api-M.Common.csproj", "{61E16D13-EEB5-45BC-9802-9BA115768C02}"
EndProject
Project("{FAE04EC0-301F-11D3-BF4B-00C04F79EFBC}") = "template-web-api-M.Domain", "template-web-api\src\TemplateM\template-web-api-M\template-web-api-M.Domain\template-web-api-M.Domain.csproj", "{C60009DC-D333-46BA-9571-384F25437FB1}"
EndProject
Project("{FAE04EC0-301F-11D3-BF4B-00C04F79EFBC}") = "template-web-api-M.Infrastructrue", "template-web-api\src\TemplateM\template-web-api-M\template-web-api-M.Infrastructrue\template-web-api-M.Infrastructrue.csproj", "{93779FDF-3D86-4F99-8832-0E7504F01687}"
EndProject
Global
	GlobalSection(SolutionConfigurationPlatforms) = preSolution
		Debug|Any CPU = Debug|Any CPU
		Release|Any CPU = Release|Any CPU
	EndGlobalSection
	GlobalSection(ProjectConfigurationPlatforms) = postSolution
		{BB17A1AA-9791-4080-BB92-9AD913BA20F7}.Debug|Any CPU.ActiveCfg = Debug|Any CPU
		{BB17A1AA-9791-4080-BB92-9AD913BA20F7}.Debug|Any CPU.Build.0 = Debug|Any CPU
		{BB17A1AA-9791-4080-BB92-9AD913BA20F7}.Release|Any CPU.ActiveCfg = Release|Any CPU
		{BB17A1AA-9791-4080-BB92-9AD913BA20F7}.Release|Any CPU.Build.0 = Release|Any CPU
		{3871C8CB-D348-45CA-A7B1-B1537171BCF5}.Debug|Any CPU.ActiveCfg = Debug|Any CPU
		{3871C8CB-D348-45CA-A7B1-B1537171BCF5}.Debug|Any CPU.Build.0 = Debug|Any CPU
		{3871C8CB-D348-45CA-A7B1-B1537171BCF5}.Release|Any CPU.ActiveCfg = Release|Any CPU
		{3871C8CB-D348-45CA-A7B1-B1537171BCF5}.Release|Any CPU.Build.0 = Release|Any CPU
		{6A75441A-A07A-4255-8E13-AE26DA625274}.Debug|Any CPU.ActiveCfg = Debug|Any CPU
		{6A75441A-A07A-4255-8E13-AE26DA625274}.Debug|Any CPU.Build.0 = Debug|Any CPU
		{6A75441A-A07A-4255-8E13-AE26DA625274}.Release|Any CPU.ActiveCfg = Release|Any CPU
		{6A75441A-A07A-4255-8E13-AE26DA625274}.Release|Any CPU.Build.0 = Release|Any CPU
		{527CD77D-B448-4168-8B41-9C1BE062339D}.Debug|Any CPU.ActiveCfg = Debug|Any CPU
		{527CD77D-B448-4168-8B41-9C1BE062339D}.Debug|Any CPU.Build.0 = Debug|Any CPU
		{527CD77D-B448-4168-8B41-9C1BE062339D}.Release|Any CPU.ActiveCfg = Release|Any CPU
		{527CD77D-B448-4168-8B41-9C1BE062339D}.Release|Any CPU.Build.0 = Release|Any CPU
		{61E16D13-EEB5-45BC-9802-9BA115768C02}.Debug|Any CPU.ActiveCfg = Debug|Any CPU
		{61E16D13-EEB5-45BC-9802-9BA115768C02}.Debug|Any CPU.Build.0 = Debug|Any CPU
		{61E16D13-EEB5-45BC-9802-9BA115768C02}.Release|Any CPU.ActiveCfg = Release|Any CPU
		{61E16D13-EEB5-45BC-9802-9BA115768C02}.Release|Any CPU.Build.0 = Release|Any CPU
		{C60009DC-D333-46BA-9571-384F25437FB1}.Debug|Any CPU.ActiveCfg = Debug|Any CPU
		{C60009DC-D333-46BA-9571-384F25437FB1}.Debug|Any CPU.Build.0 = Debug|Any CPU
		{C60009DC-D333-46BA-9571-384F25437FB1}.Release|Any CPU.ActiveCfg = Release|Any CPU
		{C60009DC-D333-46BA-9571-384F25437FB1}.Release|Any CPU.Build.0 = Release|Any CPU
		{93779FDF-3D86-4F99-8832-0E7504F01687}.Debug|Any CPU.ActiveCfg = Debug|Any CPU
		{93779FDF-3D86-4F99-8832-0E7504F01687}.Debug|Any CPU.Build.0 = Debug|Any CPU
		{93779FDF-3D86-4F99-8832-0E7504F01687}.Release|Any CPU.ActiveCfg = Release|Any CPU
		{93779FDF-3D86-4F99-8832-0E7504F01687}.Release|Any CPU.Build.0 = Release|Any CPU
	EndGlobalSection
	GlobalSection(SolutionProperties) = preSolution
		HideSolutionNode = FALSE
	EndGlobalSection
	GlobalSection(NestedProjects) = preSolution
		{BB17A1AA-9791-4080-BB92-9AD913BA20F7} = {45662C8F-8DD4-4EE8-A872-02D206CCBAAE}
		{FFB63ACE-021E-41C2-BA0F-F5C1C8D2AE7F} = {45662C8F-8DD4-4EE8-A872-02D206CCBAAE}
		{3871C8CB-D348-45CA-A7B1-B1537171BCF5} = {FFB63ACE-021E-41C2-BA0F-F5C1C8D2AE7F}
		{6A75441A-A07A-4255-8E13-AE26DA625274} = {FFB63ACE-021E-41C2-BA0F-F5C1C8D2AE7F}
		{527CD77D-B448-4168-8B41-9C1BE062339D} = {FFB63ACE-021E-41C2-BA0F-F5C1C8D2AE7F}
		{61E16D13-EEB5-45BC-9802-9BA115768C02} = {FFB63ACE-021E-41C2-BA0F-F5C1C8D2AE7F}
		{C60009DC-D333-46BA-9571-384F25437FB1} = {FFB63ACE-021E-41C2-BA0F-F5C1C8D2AE7F}
		{93779FDF-3D86-4F99-8832-0E7504F01687} = {FFB63ACE-021E-41C2-BA0F-F5C1C8D2AE7F}
	EndGlobalSection
EndGlobal
